<?xml version="1.0" encoding="utf-8"?>
<Project ToolsVersion="4.0" xmlns="http://schemas.microsoft.com/developer/msbuild/2003">
  <ItemGroup>
    <Filter Include="源文件">
      <UniqueIdentifier>{4FC737F1-C7A5-4376-A066-2A32D752A2FF}</UniqueIdentifier>
      <Extensions>cpp;c;cc;cxx;def;odl;idl;hpj;bat;asm;asmx</Extensions>
    </Filter>
    <Filter Include="头文件">
      <UniqueIdentifier>{93995380-89BD-4b04-88EB-625FBE52EBFB}</UniqueIdentifier>
      <Extensions>h;hpp;hxx;hm;inl;inc;xsd</Extensions>
    </Filter>
    <Filter Include="头文件\include">
      <UniqueIdentifier>{cbfff7b1-bbc9-4b73-abde-d376cbdc4693}</UniqueIdentifier>
    </Filter>
    <Filter Include="资源文件">
      <UniqueIdentifier>{67DA6AB6-F800-4c08-8B7A-83BB121AAD01}</UniqueIdentifier>
      <Extensions>rc;ico;cur;bmp;dlg;rc2;rct;bin;rgs;gif;jpg;jpeg;jpe;resx;tiff;tif;png;wav</Extensions>
    </Filter>
  </ItemGroup>
  <ItemGroup>
    <ClCompile Include="Inner.cpp">
      <Filter>源文件</Filter>
    </ClCompile>
    <ClCompile Include="LmnCommon.cpp">
      <Filter>源文件</Filter>
    </ClCompile>
    <ClCompile Include="LmnConfig.cpp">
      <Filter>源文件</Filter>
    </ClCompile>
    <ClCompile Include="LmnContainer.cpp">
      <Filter>源文件</Filter>
    </ClCompile>
    <ClCompile Include="LmnFile.cpp">
      <Filter>源文件</Filter>
    </ClCompile>
    <ClCompile Include="LmnLog.cpp">
      <Filter>源文件</Filter>
    </ClCompile>
    <ClCompile Include="LmnString.cpp">
      <Filter>源文件</Filter>
    </ClCompile>
    <ClCompile Include="LmnThread.cpp">
      <Filter>源文件</Filter>
    </ClCompile>
    <ClCompile Include="LmnSerialPort.cpp">
      <Filter>源文件</Filter>
    </ClCompile>
    <ClCompile Include="LmnOdbc.cpp">
      <Filter>源文件</Filter>
    </ClCompile>
    <ClCompile Include="md5c.cpp">
      <Filter>源文件</Filter>
    </ClCompile>
    <ClCompile Include="LmnTelSvr.cpp">
      <Filter>源文件</Filter>
    </ClCompile>
    <ClCompile Include="LmnExcel.cpp">
      <Filter>源文件</Filter>
    </ClCompile>
    <ClCompile Include="LmnHttp.cpp">
      <Filter>源文件</Filter>
    </ClCompile>
    <ClCompile Include="LmnSeli.cpp">
      <Filter>源文件</Filter>
    </ClCompile>
    <ClCompile Include="LmnSslAdapter.cpp">
      <Filter>源文件</Filter>
    </ClCompile>
    <ClCompile Include="LmnWebSocket.cpp">
      <Filter>源文件</Filter>
    </ClCompile>
    <ClCompile Include="XUnzip.cpp">
      <Filter>源文件</Filter>
    </ClCompile>
  </ItemGroup>
  <ItemGroup>
    <ClInclude Include="Inner.h">
      <Filter>头文件</Filter>
    </ClInclude>
    <ClInclude Include="..\include\LmnCommon.h">
      <Filter>头文件\include</Filter>
    </ClInclude>
    <ClInclude Include="..\include\LmnConfig.h">
      <Filter>头文件\include</Filter>
    </ClInclude>
    <ClInclude Include="..\include\LmnContainer.h">
      <Filter>头文件\include</Filter>
    </ClInclude>
    <ClInclude Include="..\include\LmnFile.h">
      <Filter>头文件\include</Filter>
    </ClInclude>
    <ClInclude Include="..\include\LmnLog.h">
      <Filter>头文件\include</Filter>
    </ClInclude>
    <ClInclude Include="..\include\LmnString.h">
      <Filter>头文件\include</Filter>
    </ClInclude>
    <ClInclude Include="..\include\LmnTemplates.h">
      <Filter>头文件\include</Filter>
    </ClInclude>
    <ClInclude Include="..\include\LmnThread.h">
      <Filter>头文件\include</Filter>
    </ClInclude>
    <ClInclude Include="..\include\sigslot.h">
      <Filter>头文件\include</Filter>
    </ClInclude>
    <ClInclude Include="..\include\LmnSerialPort.h">
      <Filter>头文件\include</Filter>
    </ClInclude>
    <ClInclude Include="..\include\LmnOdbc.h">
      <Filter>头文件\include</Filter>
    </ClInclude>
    <ClInclude Include="..\include\md5.h">
      <Filter>头文件\include</Filter>
    </ClInclude>
    <ClInclude Include="..\include\LmnTelSvr.h">
      <Filter>头文件\include</Filter>
    </ClInclude>
    <ClInclude Include="..\include\LmnExcel.h">
      <Filter>头文件\include</Filter>
    </ClInclude>
    <ClInclude Include="..\include\LmnHttp.h">
      <Filter>头文件\include</Filter>
    </ClInclude>
    <ClInclude Include="..\include\LmnSeli.h">
      <Filter>头文件\include</Filter>
    </ClInclude>
    <ClInclude Include="..\include\LmnSslAdapter.h">
      <Filter>头文件\include</Filter>
    </ClInclude>
    <ClInclude Include="..\include\LmnWebSocket.h">
      <Filter>头文件\include</Filter>
    </ClInclude>
    <ClInclude Include="..\include\XUnzip.h">
      <Filter>头文件\include</Filter>
    </ClInclude>
  </ItemGroup>
  <ItemGroup>
    <Text Include="ReadMe.txt" />
  </ItemGroup>
</Project>